// !$*UTF8*$!
{
	archiveVersion = 1;
	classes = {
	};
	objectVersion = 46;
	objects = {

/* Begin PBXBuildFile section */
		1A42CAE7155D3B6B00FFAE85 /* SkillerDetailViewController.m in Sources */ = {isa = PBXBuildFile; fileRef = 1A42CAE6155D3B6B00FFAE85 /* SkillerDetailViewController.m */; };
		1A54D45D1543B3C500337F52 /* TaskDetailViewController.m in Sources */ = {isa = PBXBuildFile; fileRef = 1A54D45C1543B3C500337F52 /* TaskDetailViewController.m */; };
		1A54D4611543D93C00337F52 /* TaskDataController.m in Sources */ = {isa = PBXBuildFile; fileRef = 1A54D4601543D93C00337F52 /* TaskDataController.m */; };
		1ABB0E8115345E440048034E /* Level.m in Sources */ = {isa = PBXBuildFile; fileRef = 1ABB0E8015345E440048034E /* Level.m */; };
		1ABB0E8515345F140048034E /* Task.m in Sources */ = {isa = PBXBuildFile; fileRef = 1ABB0E8415345F140048034E /* Task.m */; };
		1AF8025015281CC1007A9766 /* UIKit.framework in Frameworks */ = {isa = PBXBuildFile; fileRef = 1AF8024F15281CC1007A9766 /* UIKit.framework */; };
		1AF8025215281CC1007A9766 /* Foundation.framework in Frameworks */ = {isa = PBXBuildFile; fileRef = 1AF8025115281CC1007A9766 /* Foundation.framework */; };
		1AF8025415281CC1007A9766 /* CoreGraphics.framework in Frameworks */ = {isa = PBXBuildFile; fileRef = 1AF8025315281CC1007A9766 /* CoreGraphics.framework */; };
		1AF8025A15281CC1007A9766 /* InfoPlist.strings in Resources */ = {isa = PBXBuildFile; fileRef = 1AF8025815281CC1007A9766 /* InfoPlist.strings */; };
		1AF8025C15281CC1007A9766 /* main.m in Sources */ = {isa = PBXBuildFile; fileRef = 1AF8025B15281CC1007A9766 /* main.m */; };
		1AF8026015281CC1007A9766 /* SkillerAppDelegate.m in Sources */ = {isa = PBXBuildFile; fileRef = 1AF8025F15281CC1007A9766 /* SkillerAppDelegate.m */; };
		1AF8026315281CC1007A9766 /* MainStoryboard.storyboard in Resources */ = {isa = PBXBuildFile; fileRef = 1AF8026115281CC1007A9766 /* MainStoryboard.storyboard */; };
		1AF8026615281CC1007A9766 /* SkillerMasterViewController.m in Sources */ = {isa = PBXBuildFile; fileRef = 1AF8026515281CC1007A9766 /* SkillerMasterViewController.m */; };
		1AF8027115281E9D007A9766 /* SkillTree.m in Sources */ = {isa = PBXBuildFile; fileRef = 1AF8027015281E9D007A9766 /* SkillTree.m */; };
		1AF8027A15286B80007A9766 /* SkillTreeDataController.m in Sources */ = {isa = PBXBuildFile; fileRef = 1AF8027915286B80007A9766 /* SkillTreeDataController.m */; };
/* End PBXBuildFile section */

/* Begin PBXFileReference section */
		1A42CAE5155D3B6B00FFAE85 /* SkillerDetailViewController.h */ = {isa = PBXFileReference; fileEncoding = 4; lastKnownFileType = sourcecode.c.h; path = SkillerDetailViewController.h; sourceTree = "<group>"; };
		1A42CAE6155D3B6B00FFAE85 /* SkillerDetailViewController.m */ = {isa = PBXFileReference; fileEncoding = 4; lastKnownFileType = sourcecode.c.objc; path = SkillerDetailViewController.m; sourceTree = "<group>"; };
		1A54D45B1543B3C500337F52 /* TaskDetailViewController.h */ = {isa = PBXFileReference; fileEncoding = 4; lastKnownFileType = sourcecode.c.h; path = TaskDetailViewController.h; sourceTree = "<group>"; };
		1A54D45C1543B3C500337F52 /* TaskDetailViewController.m */ = {isa = PBXFileReference; fileEncoding = 4; lastKnownFileType = sourcecode.c.objc; path = TaskDetailViewController.m; sourceTree = "<group>"; };
		1A54D45F1543D93C00337F52 /* TaskDataController.h */ = {isa = PBXFileReference; fileEncoding = 4; lastKnownFileType = sourcecode.c.h; path = TaskDataController.h; sourceTree = "<group>"; };
		1A54D4601543D93C00337F52 /* TaskDataController.m */ = {isa = PBXFileReference; fileEncoding = 4; lastKnownFileType = sourcecode.c.objc; path = TaskDataController.m; sourceTree = "<group>"; };
		1ABB0E7F15345E440048034E /* Level.h */ = {isa = PBXFileReference; fileEncoding = 4; lastKnownFileType = sourcecode.c.h; path = Level.h; sourceTree = "<group>"; };
		1ABB0E8015345E440048034E /* Level.m */ = {isa = PBXFileReference; fileEncoding = 4; lastKnownFileType = sourcecode.c.objc; path = Level.m; sourceTree = "<group>"; };
		1ABB0E8315345F140048034E /* Task.h */ = {isa = PBXFileReference; fileEncoding = 4; lastKnownFileType = sourcecode.c.h; path = Task.h; sourceTree = "<group>"; };
		1ABB0E8415345F140048034E /* Task.m */ = {isa = PBXFileReference; fileEncoding = 4; lastKnownFileType = sourcecode.c.objc; path = Task.m; sourceTree = "<group>"; };
		1AF8024B15281CC1007A9766 /* Skiller.app */ = {isa = PBXFileReference; explicitFileType = wrapper.application; includeInIndex = 0; path = Skiller.app; sourceTree = BUILT_PRODUCTS_DIR; };
		1AF8024F15281CC1007A9766 /* UIKit.framework */ = {isa = PBXFileReference; lastKnownFileType = wrapper.framework; name = UIKit.framework; path = System/Library/Frameworks/UIKit.framework; sourceTree = SDKROOT; };
		1AF8025115281CC1007A9766 /* Foundation.framework */ = {isa = PBXFileReference; lastKnownFileType = wrapper.framework; name = Foundation.framework; path = System/Library/Frameworks/Foundation.framework; sourceTree = SDKROOT; };
		1AF8025315281CC1007A9766 /* CoreGraphics.framework */ = {isa = PBXFileReference; lastKnownFileType = wrapper.framework; name = CoreGraphics.framework; path = System/Library/Frameworks/CoreGraphics.framework; sourceTree = SDKROOT; };
		1AF8025715281CC1007A9766 /* Skiller-Info.plist */ = {isa = PBXFileReference; lastKnownFileType = text.plist.xml; path = "Skiller-Info.plist"; sourceTree = "<group>"; };
		1AF8025915281CC1007A9766 /* en */ = {isa = PBXFileReference; lastKnownFileType = text.plist.strings; name = en; path = en.lproj/InfoPlist.strings; sourceTree = "<group>"; };
		1AF8025B15281CC1007A9766 /* main.m */ = {isa = PBXFileReference; lastKnownFileType = sourcecode.c.objc; path = main.m; sourceTree = "<group>"; };
		1AF8025D15281CC1007A9766 /* Skiller-Prefix.pch */ = {isa = PBXFileReference; lastKnownFileType = sourcecode.c.h; path = "Skiller-Prefix.pch"; sourceTree = "<group>"; };
		1AF8025E15281CC1007A9766 /* SkillerAppDelegate.h */ = {isa = PBXFileReference; lastKnownFileType = sourcecode.c.h; path = SkillerAppDelegate.h; sourceTree = "<group>"; };
		1AF8025F15281CC1007A9766 /* SkillerAppDelegate.m */ = {isa = PBXFileReference; lastKnownFileType = sourcecode.c.objc; path = SkillerAppDelegate.m; sourceTree = "<group>"; };
		1AF8026215281CC1007A9766 /* en */ = {isa = PBXFileReference; lastKnownFileType = file.storyboard; name = en; path = en.lproj/MainStoryboard.storyboard; sourceTree = "<group>"; };
		1AF8026415281CC1007A9766 /* SkillerMasterViewController.h */ = {isa = PBXFileReference; lastKnownFileType = sourcecode.c.h; path = SkillerMasterViewController.h; sourceTree = "<group>"; };
		1AF8026515281CC1007A9766 /* SkillerMasterViewController.m */ = {isa = PBXFileReference; lastKnownFileType = sourcecode.c.objc; path = SkillerMasterViewController.m; sourceTree = "<group>"; };
		1AF8026F15281E9D007A9766 /* SkillTree.h */ = {isa = PBXFileReference; fileEncoding = 4; lastKnownFileType = sourcecode.c.h; path = SkillTree.h; sourceTree = "<group>"; };
		1AF8027015281E9D007A9766 /* SkillTree.m */ = {isa = PBXFileReference; fileEncoding = 4; lastKnownFileType = sourcecode.c.objc; path = SkillTree.m; sourceTree = "<group>"; };
		1AF8027815286B80007A9766 /* SkillTreeDataController.h */ = {isa = PBXFileReference; fileEncoding = 4; lastKnownFileType = sourcecode.c.h; path = SkillTreeDataController.h; sourceTree = "<group>"; };
		1AF8027915286B80007A9766 /* SkillTreeDataController.m */ = {isa = PBXFileReference; fileEncoding = 4; lastKnownFileType = sourcecode.c.objc; path = SkillTreeDataController.m; sourceTree = "<group>"; };
/* End PBXFileReference section */

/* Begin PBXFrameworksBuildPhase section */
		1AF8024815281CC1007A9766 /* Frameworks */ = {
			isa = PBXFrameworksBuildPhase;
			buildActionMask = 2147483647;
			files = (
				1AF8025015281CC1007A9766 /* UIKit.framework in Frameworks */,
				1AF8025215281CC1007A9766 /* Foundation.framework in Frameworks */,
				1AF8025415281CC1007A9766 /* CoreGraphics.framework in Frameworks */,
			);
			runOnlyForDeploymentPostprocessing = 0;
		};
/* End PBXFrameworksBuildPhase section */

/* Begin PBXGroup section */
		1AF8024015281CC1007A9766 = {
			isa = PBXGroup;
			children = (
				1AF8025515281CC1007A9766 /* Birdwatching */,
				1AF8024E15281CC1007A9766 /* Frameworks */,
				1AF8024C15281CC1007A9766 /* Products */,
			);
			sourceTree = "<group>";
		};
		1AF8024C15281CC1007A9766 /* Products */ = {
			isa = PBXGroup;
			children = (
				1AF8024B15281CC1007A9766 /* Skiller.app */,
			);
			name = Products;
			sourceTree = "<group>";
		};
		1AF8024E15281CC1007A9766 /* Frameworks */ = {
			isa = PBXGroup;
			children = (
				1AF8024F15281CC1007A9766 /* UIKit.framework */,
				1AF8025115281CC1007A9766 /* Foundation.framework */,
				1AF8025315281CC1007A9766 /* CoreGraphics.framework */,
			);
			name = Frameworks;
			sourceTree = "<group>";
		};
		1AF8025515281CC1007A9766 /* Birdwatching */ = {
			isa = PBXGroup;
			children = (
				1AF8025E15281CC1007A9766 /* SkillerAppDelegate.h */,
				1AF8025F15281CC1007A9766 /* SkillerAppDelegate.m */,
				1AF8026115281CC1007A9766 /* MainStoryboard.storyboard */,
				1AF8026415281CC1007A9766 /* SkillerMasterViewController.h */,
				1AF8026515281CC1007A9766 /* SkillerMasterViewController.m */,
				1A42CAE5155D3B6B00FFAE85 /* SkillerDetailViewController.h */,
				1A42CAE6155D3B6B00FFAE85 /* SkillerDetailViewController.m */,
				1A54D45B1543B3C500337F52 /* TaskDetailViewController.h */,
				1A54D45C1543B3C500337F52 /* TaskDetailViewController.m */,
				1AF8025615281CC1007A9766 /* Supporting Files */,
				1AF8026F15281E9D007A9766 /* SkillTree.h */,
				1AF8027015281E9D007A9766 /* SkillTree.m */,
				1ABB0E7F15345E440048034E /* Level.h */,
				1ABB0E8015345E440048034E /* Level.m */,
				1ABB0E8315345F140048034E /* Task.h */,
				1ABB0E8415345F140048034E /* Task.m */,
				1AF8027815286B80007A9766 /* SkillTreeDataController.h */,
				1AF8027915286B80007A9766 /* SkillTreeDataController.m */,
				1A54D45F1543D93C00337F52 /* TaskDataController.h */,
				1A54D4601543D93C00337F52 /* TaskDataController.m */,
			);
			path = Birdwatching;
			sourceTree = "<group>";
		};
		1AF8025615281CC1007A9766 /* Supporting Files */ = {
			isa = PBXGroup;
			children = (
				1AF8025715281CC1007A9766 /* Skiller-Info.plist */,
				1AF8025815281CC1007A9766 /* InfoPlist.strings */,
				1AF8025B15281CC1007A9766 /* main.m */,
				1AF8025D15281CC1007A9766 /* Skiller-Prefix.pch */,
			);
			name = "Supporting Files";
			sourceTree = "<group>";
		};
/* End PBXGroup section */

/* Begin PBXNativeTarget section */
		1AF8024A15281CC1007A9766 /* Skiller */ = {
			isa = PBXNativeTarget;
			buildConfigurationList = 1AF8026C15281CC1007A9766 /* Build configuration list for PBXNativeTarget "Skiller" */;
			buildPhases = (
				1AF8024715281CC1007A9766 /* Sources */,
				1AF8024815281CC1007A9766 /* Frameworks */,
				1AF8024915281CC1007A9766 /* Resources */,
			);
			buildRules = (
			);
			dependencies = (
			);
			name = Skiller;
			productName = Birdwatching;
			productReference = 1AF8024B15281CC1007A9766 /* Skiller.app */;
			productType = "com.apple.product-type.application";
		};
/* End PBXNativeTarget section */

/* Begin PBXProject section */
		1AF8024215281CC1007A9766 /* Project object */ = {
			isa = PBXProject;
			attributes = {
				CLASSPREFIX = Birds;
				LastUpgradeCheck = 0430;
			};
			buildConfigurationList = 1AF8024515281CC1007A9766 /* Build configuration list for PBXProject "Skiller" */;
			compatibilityVersion = "Xcode 3.2";
			developmentRegion = English;
			hasScannedForEncodings = 0;
			knownRegions = (
				en,
			);
			mainGroup = 1AF8024015281CC1007A9766;
			productRefGroup = 1AF8024C15281CC1007A9766 /* Products */;
			projectDirPath = "";
			projectRoot = "";
			targets = (
				1AF8024A15281CC1007A9766 /* Skiller */,
			);
		};
/* End PBXProject section */

/* Begin PBXResourcesBuildPhase section */
		1AF8024915281CC1007A9766 /* Resources */ = {
			isa = PBXResourcesBuildPhase;
			buildActionMask = 2147483647;
			files = (
				1AF8025A15281CC1007A9766 /* InfoPlist.strings in Resources */,
				1AF8026315281CC1007A9766 /* MainStoryboard.storyboard in Resources */,
			);
			runOnlyForDeploymentPostprocessing = 0;
		};
/* End PBXResourcesBuildPhase section */

/* Begin PBXSourcesBuildPhase section */
		1AF8024715281CC1007A9766 /* Sources */ = {
			isa = PBXSourcesBuildPhase;
			buildActionMask = 2147483647;
			files = (
				1AF8025C15281CC1007A9766 /* main.m in Sources */,
				1AF8026015281CC1007A9766 /* SkillerAppDelegate.m in Sources */,
				1AF8026615281CC1007A9766 /* SkillerMasterViewController.m in Sources */,
				1AF8027115281E9D007A9766 /* SkillTree.m in Sources */,
				1AF8027A15286B80007A9766 /* SkillTreeDataController.m in Sources */,
				1ABB0E8115345E440048034E /* Level.m in Sources */,
				1ABB0E8515345F140048034E /* Task.m in Sources */,
				1A54D45D1543B3C500337F52 /* TaskDetailViewController.m in Sources */,
				1A54D4611543D93C00337F52 /* TaskDataController.m in Sources */,
				1A42CAE7155D3B6B00FFAE85 /* SkillerDetailViewController.m in Sources */,
			);
			runOnlyForDeploymentPostprocessing = 0;
		};
/* End PBXSourcesBuildPhase section */

/* Begin PBXVariantGroup section */
		1AF8025815281CC1007A9766 /* InfoPlist.strings */ = {
			isa = PBXVariantGroup;
			children = (
				1AF8025915281CC1007A9766 /* en */,
			);
			name = InfoPlist.strings;
			sourceTree = "<group>";
		};
		1AF8026115281CC1007A9766 /* MainStoryboard.storyboard */ = {
			isa = PBXVariantGroup;
			children = (
				1AF8026215281CC1007A9766 /* en */,
			);
			name = MainStoryboard.storyboard;
			sourceTree = "<group>";
		};
/* End PBXVariantGroup section */

/* Begin XCBuildConfiguration section */
		1AF8026A15281CC1007A9766 /* Debug */ = {
			isa = XCBuildConfiguration;
			buildSettings = {
				ALWAYS_SEARCH_USER_PATHS = NO;
				ARCHS = "$(ARCHS_STANDARD_32_BIT)";
				CLANG_ENABLE_OBJC_ARC = YES;
				"CODE_SIGN_IDENTITY[sdk=iphoneos*]" = "iPhone Developer";
				COPY_PHASE_STRIP = NO;
				GCC_C_LANGUAGE_STANDARD = gnu99;
				GCC_DYNAMIC_NO_PIC = NO;
				GCC_OPTIMIZATION_LEVEL = 0;
				GCC_PREPROCESSOR_DEFINITIONS = (
					"DEBUG=1",
					"$(inherited)",
				);
				GCC_SYMBOLS_PRIVATE_EXTERN = NO;
				GCC_VERSION = com.apple.compilers.llvm.clang.1_0;
				GCC_WARN_ABOUT_RETURN_TYPE = YES;
				GCC_WARN_UNINITIALIZED_AUTOS = YES;
				GCC_WARN_UNUSED_VARIABLE = YES;
				IPHONEOS_DEPLOYMENT_TARGET = 5.1;
				SDKROOT = iphoneos;
			};
			name = Debug;
		};
		1AF8026B15281CC1007A9766 /* Release */ = {
			isa = XCBuildConfiguration;
			buildSettings = {
				ALWAYS_SEARCH_USER_PATHS = NO;
				ARCHS = "$(ARCHS_STANDARD_32_BIT)";
				CLANG_ENABLE_OBJC_ARC = YES;
				"CODE_SIGN_IDENTITY[sdk=iphoneos*]" = "iPhone Developer";
				COPY_PHASE_STRIP = YES;
				GCC_C_LANGUAGE_STANDARD = gnu99;
				GCC_VERSION = com.apple.compilers.llvm.clang.1_0;
				GCC_WARN_ABOUT_RETURN_TYPE = YES;
				GCC_WARN_UNINITIALIZED_AUTOS = YES;
				GCC_WARN_UNUSED_VARIABLE = YES;
				IPHONEOS_DEPLOYMENT_TARGET = 5.1;
				OTHER_CFLAGS = "-DNS_BLOCK_ASSERTIONS=1";
				SDKROOT = iphoneos;
				VALIDATE_PRODUCT = YES;
			};
			name = Release;
		};
		1AF8026D15281CC1007A9766 /* Debug */ = {
			isa = XCBuildConfiguration;
			buildSettings = {
				GCC_PRECOMPILE_PREFIX_HEADER = YES;
				GCC_PREFIX_HEADER = "Birdwatching/Skiller-Prefix.pch";
				INFOPLIST_FILE = "Birdwatching/Skiller-Info.plist";
				IPHONEOS_DEPLOYMENT_TARGET = 5.1;
				PRODUCT_NAME = Skiller;
				TARGETED_DEVICE_FAMILY = 2;
				WRAPPER_EXTENSION = app;
			};
			name = Debug;
		};
		1AF8026E15281CC1007A9766 /* Release */ = {
			isa = XCBuildConfiguration;
			buildSettings = {
				GCC_PRECOMPILE_PREFIX_HEADER = YES;
				GCC_PREFIX_HEADER = "Birdwatching/Skiller-Prefix.pch";
				INFOPLIST_FILE = "Birdwatching/Skiller-Info.plist";
				IPHONEOS_DEPLOYMENT_TARGET = 5.1;
				PRODUCT_NAME = Skiller;
				TARGETED_DEVICE_FAMILY = 2;
				WRAPPER_EXTENSION = app;
			};
			name = Release;
		};
/* End XCBuildConfiguration section */

/* Begin XCConfigurationList section */
		1AF8024515281CC1007A9766 /* Build configuration list for PBXProject "Skiller" */ = {
			isa = XCConfigurationList;
			buildConfigurations = (
				1AF8026A15281CC1007A9766 /* Debug */,
				1AF8026B15281CC1007A9766 /* Release */,
			);
			defaultConfigurationIsVisible = 0;
			defaultConfigurationName = Release;
		};
		1AF8026C15281CC1007A9766 /* Build configuration list for PBXNativeTarget "Skiller" */ = {
			isa = XCConfigurationList;
			buildConfigurations = (
				1AF8026D15281CC1007A9766 /* Debug */,
				1AF8026E15281CC1007A9766 /* Release */,
			);
			defaultConfigurationIsVisible = 0;
			defaultConfigurationName = Release;
		};
/* End XCConfigurationList section */
	};
	rootObject = 1AF8024215281CC1007A9766 /* Project object */;
}
